{
  "version": 1,
  "dependencies": {
    "net8.0-windows10.0.19041": {
      "Autofac": {
        "type": "Direct",
        "requested": "[8.4.0, )",
        "resolved": "8.4.0",
        "contentHash": "XMWHyO6fXTv8rwCfhm6+64mQS6CyL0rve/hWSODsUrVuEGtq1fjxSOlVTBqCRsW6L8K3OQDskJaPB1boVMI2eQ==",
        "dependencies": {
          "System.Diagnostics.DiagnosticSource": "8.0.1"
        }
      },
      "Autofac.Extras.DynamicProxy": {
        "type": "Direct",
        "requested": "[7.1.0, )",
        "resolved": "7.1.0",
        "contentHash": "Da6Szv7A1LK/cTdeoyqS45zb/BC5vep8+86f6C1oh2UhZaYtiijlNfLWamp3lxe0uUQ33kFe1dDCjsvfwJWzLg==",
        "dependencies": {
          "Autofac": "6.5.0",
          "Castle.Core": "5.1.1"
        }
      },
      "AutofacSerilogIntegration": {
        "type": "Direct",
        "requested": "[5.0.0, )",
        "resolved": "5.0.0",
        "contentHash": "L0QyvG1hxDbSi6nrLoEAig+WBF1NvTLuhVMKbHhPT/lyB3SBZvudRs4DjTnU8fBxPtmZo+97Bzf8pMz7W3iXBw==",
        "dependencies": {
          "Autofac": "6.0.0",
          "Serilog": "2.9.0"
        }
      },
      "CsvHelper": {
        "type": "Direct",
        "requested": "[33.1.0, )",
        "resolved": "33.1.0",
        "contentHash": "kqfTOZGrn7NarNeXgjh86JcpTHUoeQDMB8t9NVa/ZtlSYiV1rxfRnQ49WaJsob4AiGrbK0XDzpyKkBwai4F8eg=="
      },
      "JetBrains.Annotations": {
        "type": "Direct",
        "requested": "[2025.2.2, )",
        "resolved": "2025.2.2",
        "contentHash": "0X56ZRizuHdrnPpgXjWV7f2tQO1FlQg5O1967OGKnI/4ZRNOK642J8L7brM1nYvrxTTU5TP1yRyXLRLaXLPQ8A=="
      },
      "Selkie.DefCon.One.Common": {
        "type": "Direct",
        "requested": "[0.0.23, )",
        "resolved": "0.0.23",
        "contentHash": "ANZvCexh36eWAAbfX+dFKhMWnEd6NJdztyLDjacgWToH9bSZzLHx+FQ/1eNdVTl0WgQ/DDPIeT1m0RQoPVPEMg=="
      },
      "Serilog": {
        "type": "Direct",
        "requested": "[4.3.0, )",
        "resolved": "4.3.0",
        "contentHash": "+cDryFR0GRhsGOnZSKwaDzRRl4MupvJ42FhCE4zhQRVanX0Jpg6WuCBk59OVhVDPmab1bB+nRykAnykYELA9qQ=="
      },
      "SerilogAnalyzer": {
        "type": "Direct",
        "requested": "[0.15.0, )",
        "resolved": "0.15.0",
        "contentHash": "sVpwfls4MfNnwIXLSGCgaUnV+c9kgJ8ia6GsyRcpd4Vs3gLogSDtSYBYrre2K2u/PNMo8GgG09RehwVnze70Tw=="
      },
      "System.Reactive": {
        "type": "Direct",
        "requested": "[6.1.0, )",
        "resolved": "6.1.0",
        "contentHash": "M5cCC1ZMkZr9jbSQGTHnVkb5TDN67qWCV7AP8TAHdGkvDlu0puT5NzemESNn9+HkYIDpWpocP68/i+/ame2/2w=="
      },
      "System.ValueTuple": {
        "type": "Direct",
        "requested": "[4.6.1, )",
        "resolved": "4.6.1",
        "contentHash": "+RJT4qaekpZ7DDLhf+LTjq+E48jieKiY9ulJ+BoxKmZblIJfIJT8Ufcaa/clQqnYvWs8jugfGSMu8ylS0caG0w=="
      },
      "Castle.Core": {
        "type": "Transitive",
        "resolved": "5.1.1",
        "contentHash": "rpYtIczkzGpf+EkZgDr9CClTdemhsrwA/W5hMoPjLkRFnXzH44zDLoovXeKtmxb1ykXK9aJVODSpiJml8CTw2g==",
        "dependencies": {
          "System.Diagnostics.EventLog": "6.0.0"
        }
      },
      "System.Diagnostics.DiagnosticSource": {
        "type": "Transitive",
        "resolved": "8.0.1",
        "contentHash": "vaoWjvkG1aenR2XdjaVivlCV9fADfgyhW5bZtXT23qaEea0lWiUljdQuze4E31vKM7ZWJaSUsbYIKE3rnzfZUg=="
      },
      "System.Diagnostics.EventLog": {
        "type": "Transitive",
        "resolved": "6.0.0",
        "contentHash": "lcyUiXTsETK2ALsZrX+nWuHSIQeazhqPphLfaRxzdGaG93+0kELqpgEHtwWOlQe7+jSFnKwaCAgL4kjeZCQJnw=="
      },
      "idasen.aop": {
        "type": "Project",
        "dependencies": {
          "Autofac.Extras.DynamicProxy": "[7.1.0, )",
          "JetBrains.Annotations": "[2025.2.2, )",
          "Serilog": "[4.3.0, )"
        }
      }
    }
  }
}