{
  "version": 1,
  "dependencies": {
    "net8.0-windows10.0.19041": {
      "Autofac": {
        "type": "Transitive",
        "resolved": "3.3.1",
        "contentHash": "dOowodF/tGrsEhiTnrBb+zcXcKxitHMqHw8J+F5ELBsdm2Cypu6ZaSZo4T2wljnMBVqZXLnQWVf2NNIk4IR+2w=="
      },
      "Autofac.Extras.DynamicProxy": {
        "type": "Transitive",
        "resolved": "4.0.0",
        "contentHash": "oIYnVQJsnsZLSuF8GxuoB8nsW2ozbUIeh1D9Hcaxc/roo9N+lsTb6mS3+kXLeocuM59Vcy7KiZyPz7wvmGCQLA==",
        "dependencies": {
          "Autofac": "[3.3.1, 5.0.0)",
          "Castle.Core": "3.2.2"
        }
      },
      "Castle.Core": {
        "type": "Transitive",
        "resolved": "3.2.2",
        "contentHash": "QktR5tZulLzd2EK0DwwCtNW9sx41+HmMmQ6uivrGTuaD8MOHsyEfDtKMYR2pxl4obocyXCq3CKM/CbFldakQcQ=="
      },
      "JetBrains.Annotations": {
        "type": "Transitive",
        "resolved": "6.1.0",
        "contentHash": "MpeuVq7stPq/B9XLYobvK322gCmxu1/n2O3XqNs4Oqjbrh6aq9puAl+ylivi/2mFB+WCi1nCZz1YnmBuNq/HlQ=="
      },
      "Serilog": {
        "type": "Transitive",
        "resolved": "0.1.6",
        "contentHash": "HOIlDk2pMATBtTkqC7fNTibZvmeufJ9JZyiEWdNQ2bdgVwrVzx2W9V9QKFc0G0qAwNP3hU7eDYNrHcdmcK49+w=="
      },
      "idasen.aop": {
        "type": "Project",
        "dependencies": {
          "Autofac.Extras.DynamicProxy": "(, )",
          "JetBrains.Annotations": "(, )",
          "Serilog": "(, )"
        }
      },
      "idasen.bluetoothle.core": {
        "type": "Project",
        "dependencies": {
          "Idasen.Aop": "[1.0.0, )"
        }
      }
    }
  }
}