{
  "version": 1,
  "dependencies": {
    "net8.0-windows10.0.19041": {
      "Autofac.Extras.DynamicProxy": {
        "type": "Direct",
        "requested": "[7.1.0, )",
        "resolved": "7.1.0",
        "contentHash": "Da6Szv7A1LK/cTdeoyqS45zb/BC5vep8+86f6C1oh2UhZaYtiijlNfLWamp3lxe0uUQ33kFe1dDCjsvfwJWzLg==",
        "dependencies": {
          "Autofac": "6.5.0",
          "Castle.Core": "5.1.1"
        }
      },
      "CsvHelper": {
        "type": "Direct",
        "requested": "[33.0.1, )",
        "resolved": "33.0.1",
        "contentHash": "fev4lynklAU2A9GVMLtwarkwaanjSYB4wUqO2nOJX5hnzObORzUqVLe+bDYCUyIIRQM4o5Bsq3CcyJR89iMmEQ=="
      },
      "Autofac": {
        "type": "Transitive",
        "resolved": "8.3.0",
        "contentHash": "0Bv8aSKuK4nQAiDKw3+pIv9hUhbPwS63ql9KhjR6DRgE14UNdXrMqO8YMI0PnffZPyCrMs85lNhZRI4eBgQO4w==",
        "dependencies": {
          "System.Diagnostics.DiagnosticSource": "8.0.1"
        }
      },
      "AutofacSerilogIntegration": {
        "type": "Transitive",
        "resolved": "5.0.0",
        "contentHash": "L0QyvG1hxDbSi6nrLoEAig+WBF1NvTLuhVMKbHhPT/lyB3SBZvudRs4DjTnU8fBxPtmZo+97Bzf8pMz7W3iXBw==",
        "dependencies": {
          "Autofac": "6.0.0",
          "Serilog": "2.9.0"
        }
      },
      "Castle.Core": {
        "type": "Transitive",
        "resolved": "5.1.1",
        "contentHash": "rpYtIczkzGpf+EkZgDr9CClTdemhsrwA/W5hMoPjLkRFnXzH44zDLoovXeKtmxb1ykXK9aJVODSpiJml8CTw2g==",
        "dependencies": {
          "System.Diagnostics.EventLog": "6.0.0"
        }
      },
      "JetBrains.Annotations": {
        "type": "Transitive",
        "resolved": "2024.3.0",
        "contentHash": "ox5pkeLQXjvJdyAB4b2sBYAlqZGLh3PjSnP1bQNVx72ONuTJ9+34/+Rq91Fc0dG29XG9RgZur9+NcP4riihTug=="
      },
      "Selkie.DefCon.One.Common": {
        "type": "Transitive",
        "resolved": "0.0.23",
        "contentHash": "ANZvCexh36eWAAbfX+dFKhMWnEd6NJdztyLDjacgWToH9bSZzLHx+FQ/1eNdVTl0WgQ/DDPIeT1m0RQoPVPEMg=="
      },
      "Serilog": {
        "type": "Transitive",
        "resolved": "4.3.0",
        "contentHash": "+cDryFR0GRhsGOnZSKwaDzRRl4MupvJ42FhCE4zhQRVanX0Jpg6WuCBk59OVhVDPmab1bB+nRykAnykYELA9qQ=="
      },
      "System.Diagnostics.DiagnosticSource": {
        "type": "Transitive",
        "resolved": "8.0.1",
        "contentHash": "vaoWjvkG1aenR2XdjaVivlCV9fADfgyhW5bZtXT23qaEea0lWiUljdQuze4E31vKM7ZWJaSUsbYIKE3rnzfZUg=="
      },
      "System.Diagnostics.EventLog": {
        "type": "Transitive",
        "resolved": "6.0.0",
        "contentHash": "lcyUiXTsETK2ALsZrX+nWuHSIQeazhqPphLfaRxzdGaG93+0kELqpgEHtwWOlQe7+jSFnKwaCAgL4kjeZCQJnw=="
      },
      "System.Reactive": {
        "type": "Transitive",
        "resolved": "6.0.1",
        "contentHash": "rHaWtKDwCi9qJ3ObKo8LHPMuuwv33YbmQi7TcUK1C264V3MFnOr5Im7QgCTdLniztP3GJyeiSg5x8NqYJFqRmg=="
      },
      "System.ValueTuple": {
        "type": "Transitive",
        "resolved": "4.6.1",
        "contentHash": "+RJT4qaekpZ7DDLhf+LTjq+E48jieKiY9ulJ+BoxKmZblIJfIJT8Ufcaa/clQqnYvWs8jugfGSMu8ylS0caG0w=="
      },
      "idasen.aop": {
        "type": "Project",
        "dependencies": {
          "Autofac.Extras.DynamicProxy": "[7.1.0, )",
          "JetBrains.Annotations": "[2024.3.0, )",
          "Serilog": "[4.3.0, )"
        }
      },
      "idasen.bluetoothle.core": {
        "type": "Project",
        "dependencies": {
          "Autofac": "[8.3.0, )",
          "Autofac.Extras.DynamicProxy": "[7.1.0, )",
          "AutofacSerilogIntegration": "[5.0.0, )",
          "CsvHelper": "[33.0.1, )",
          "Idasen.Aop": "[1.0.0, )",
          "JetBrains.Annotations": "[2024.3.0, )",
          "Selkie.DefCon.One.Common": "[0.0.23, )",
          "Serilog": "[4.3.0, )",
          "System.Reactive": "[6.0.1, )",
          "System.ValueTuple": "[4.6.1, )"
        }
      }
    }
  }
}