{
  "version": 2,
  "dependencies": {
    "net8.0-windows10.0.19041": {
      "Autofac": {
        "type": "Direct",
        "requested": "[8.0.0, )",
        "resolved": "8.0.0",
        "contentHash": "qxVqJcl3fixxa5aZc9TmIuYTwooI9GCL5RzfUiTZtTlbAF3NcWz7bPeEyJEAyS/0qGhSyGnXeku2eiu/7L+3qw==",
        "dependencies": {
          "System.Diagnostics.DiagnosticSource": "7.0.2"
        }
      },
      "Autofac.Extras.DynamicProxy": {
        "type": "Direct",
        "requested": "[7.1.0, )",
        "resolved": "7.1.0",
        "contentHash": "Da6Szv7A1LK/cTdeoyqS45zb/BC5vep8+86f6C1oh2UhZaYtiijlNfLWamp3lxe0uUQ33kFe1dDCjsvfwJWzLg==",
        "dependencies": {
          "Autofac": "6.5.0",
          "Castle.Core": "5.1.1"
        }
      },
      "AutofacSerilogIntegration": {
        "type": "Direct",
        "requested": "[5.0.0, )",
        "resolved": "5.0.0",
        "contentHash": "L0QyvG1hxDbSi6nrLoEAig+WBF1NvTLuhVMKbHhPT/lyB3SBZvudRs4DjTnU8fBxPtmZo+97Bzf8pMz7W3iXBw==",
        "dependencies": {
          "Autofac": "6.0.0",
          "Serilog": "2.9.0"
        }
      },
      "CsvHelper": {
        "type": "Direct",
        "requested": "[33.0.1, )",
        "resolved": "33.0.1",
        "contentHash": "fev4lynklAU2A9GVMLtwarkwaanjSYB4wUqO2nOJX5hnzObORzUqVLe+bDYCUyIIRQM4o5Bsq3CcyJR89iMmEQ=="
      },
      "JetBrains.Annotations": {
        "type": "Direct",
        "requested": "[2024.2.0, )",
        "resolved": "2024.2.0",
        "contentHash": "GNnqCFW/163p1fOehKx0CnAqjmpPrUSqrgfHM6qca+P+RN39C9rhlfZHQpJhxmQG/dkOYe/b3Z0P8b6Kv5m1qw=="
      },
      "Microsoft.Extensions.Configuration": {
        "type": "Direct",
        "requested": "[8.0.0, )",
        "resolved": "8.0.0",
        "contentHash": "0J/9YNXTMWSZP2p2+nvl8p71zpSwokZXZuJW+VjdErkegAnFdO1XlqtA62SJtgVYHdKu3uPxJHcMR/r35HwFBA==",
        "dependencies": {
          "Microsoft.Extensions.Configuration.Abstractions": "8.0.0",
          "Microsoft.Extensions.Primitives": "8.0.0"
        }
      },
      "Selkie.DefCon.One.Common": {
        "type": "Direct",
        "requested": "[0.0.17, )",
        "resolved": "0.0.17",
        "contentHash": "CExlQXlmWzpbpuFv6dYDvPJv3sUe30Zjcx2rXDv0vQXJjmMlEMJln5OxPdSATxwsWwHQJj9TXGylPm5DtYuL/Q=="
      },
      "Serilog": {
        "type": "Direct",
        "requested": "[4.0.1, )",
        "resolved": "4.0.1",
        "contentHash": "pzeDRXdpSLSsgBHpZcmpIDxqMy845Ab4s+dfnBg0sN9h8q/4Wo3vAoe0QCGPze1Q06EVtEPupS+UvLm8iXQmTQ=="
      },
      "Serilog.Settings.Configuration": {
        "type": "Direct",
        "requested": "[8.0.2, )",
        "resolved": "8.0.2",
        "contentHash": "hn8HCAmupon7N0to20EwGeNJ+L3iRzjGzAHIl8+8CCFlEkVedHvS6NMYMb0VPNMsDgDwOj4cPBPV6Fc2hb0/7w==",
        "dependencies": {
          "Microsoft.Extensions.Configuration.Binder": "8.0.0",
          "Microsoft.Extensions.DependencyModel": "8.0.1",
          "Serilog": "3.1.1"
        }
      },
      "Serilog.Sinks.Console": {
        "type": "Direct",
        "requested": "[6.0.0, )",
        "resolved": "6.0.0",
        "contentHash": "fQGWqVMClCP2yEyTXPIinSr5c+CBGUvBybPxjAGcf7ctDhadFhrQw03Mv8rJ07/wR5PDfFjewf2LimvXCDzpbA==",
        "dependencies": {
          "Serilog": "4.0.0"
        }
      },
      "Serilog.Sinks.File": {
        "type": "Direct",
        "requested": "[6.0.0, )",
        "resolved": "6.0.0",
        "contentHash": "lxjg89Y8gJMmFxVkbZ+qDgjl+T4yC5F7WSLTvA+5q0R04tfKVLRL/EHpYoJ/MEQd2EeCKDuylBIVnAYMotmh2A==",
        "dependencies": {
          "Serilog": "4.0.0"
        }
      },
      "System.Reactive": {
        "type": "Direct",
        "requested": "[6.0.1, )",
        "resolved": "6.0.1",
        "contentHash": "rHaWtKDwCi9qJ3ObKo8LHPMuuwv33YbmQi7TcUK1C264V3MFnOr5Im7QgCTdLniztP3GJyeiSg5x8NqYJFqRmg=="
      },
      "System.ValueTuple": {
        "type": "Direct",
        "requested": "[4.5.0, )",
        "resolved": "4.5.0",
        "contentHash": "okurQJO6NRE/apDIP23ajJ0hpiNmJ+f0BwOlB/cSqTLQlw5upkf+5+96+iG2Jw40G1fCVCyPz/FhIABUjMR+RQ=="
      },
      "Teronis.MSBuild.Packaging.ProjectBuildInPackage": {
        "type": "Direct",
        "requested": "[1.0.0, )",
        "resolved": "1.0.0",
        "contentHash": "mTAUIvyVFzFI8MtfW+OpC2FTXTbi4RD9v4iOnjCgCgdgmSYjOgyBRGwNoxy7nJ4K1iJFky7/pDXI2t4vsu+dGw=="
      },
      "Castle.Core": {
        "type": "Transitive",
        "resolved": "5.1.1",
        "contentHash": "rpYtIczkzGpf+EkZgDr9CClTdemhsrwA/W5hMoPjLkRFnXzH44zDLoovXeKtmxb1ykXK9aJVODSpiJml8CTw2g==",
        "dependencies": {
          "System.Diagnostics.EventLog": "6.0.0"
        }
      },
      "Microsoft.Extensions.Configuration.Abstractions": {
        "type": "Transitive",
        "resolved": "8.0.0",
        "contentHash": "3lE/iLSutpgX1CC0NOW70FJoGARRHbyKmG7dc0klnUZ9Dd9hS6N/POPWhKhMLCEuNN5nXEY5agmlFtH562vqhQ==",
        "dependencies": {
          "Microsoft.Extensions.Primitives": "8.0.0"
        }
      },
      "Microsoft.Extensions.Configuration.Binder": {
        "type": "Transitive",
        "resolved": "8.0.0",
        "contentHash": "mBMoXLsr5s1y2zOHWmKsE9veDcx8h1x/c3rz4baEdQKTeDcmQAPNbB54Pi/lhFO3K431eEq6PFbMgLaa6PHFfA==",
        "dependencies": {
          "Microsoft.Extensions.Configuration.Abstractions": "8.0.0"
        }
      },
      "Microsoft.Extensions.DependencyModel": {
        "type": "Transitive",
        "resolved": "8.0.1",
        "contentHash": "5Ou6varcxLBzQ+Agfm0k0pnH7vrEITYlXMDuE6s7ZHlZHz6/G8XJ3iISZDr5rfwfge6RnXJ1+Wc479mMn52vjA==",
        "dependencies": {
          "System.Text.Encodings.Web": "8.0.0",
          "System.Text.Json": "8.0.4"
        }
      },
      "Microsoft.Extensions.Primitives": {
        "type": "Transitive",
        "resolved": "8.0.0",
        "contentHash": "bXJEZrW9ny8vjMF1JV253WeLhpEVzFo1lyaZu1vQ4ZxWUlVvknZ/+ftFgVheLubb4eZPSwwxBeqS1JkCOjxd8g=="
      },
      "System.Diagnostics.DiagnosticSource": {
        "type": "Transitive",
        "resolved": "7.0.2",
        "contentHash": "hYr3I9N9811e0Bjf2WNwAGGyTuAFbbTgX1RPLt/3Wbm68x3IGcX5Cl75CMmgT6WlNwLQ2tCCWfqYPpypjaf2xA=="
      },
      "System.Diagnostics.EventLog": {
        "type": "Transitive",
        "resolved": "6.0.0",
        "contentHash": "lcyUiXTsETK2ALsZrX+nWuHSIQeazhqPphLfaRxzdGaG93+0kELqpgEHtwWOlQe7+jSFnKwaCAgL4kjeZCQJnw=="
      },
      "System.Text.Encodings.Web": {
        "type": "Transitive",
        "resolved": "8.0.0",
        "contentHash": "yev/k9GHAEGx2Rg3/tU6MQh4HGBXJs70y7j1LaM1i/ER9po+6nnQ6RRqTJn1E7Xu0fbIFK80Nh5EoODxrbxwBQ=="
      },
      "System.Text.Json": {
        "type": "Transitive",
        "resolved": "8.0.4",
        "contentHash": "bAkhgDJ88XTsqczoxEMliSrpijKZHhbJQldhAmObj/RbrN3sU5dcokuXmWJWsdQAhiMJ9bTayWsL1C9fbbCRhw==",
        "dependencies": {
          "System.Text.Encodings.Web": "8.0.0"
        }
      },
      "idasen.aop": {
        "type": "Project",
        "dependencies": {
          "Autofac.Extras.DynamicProxy": "(, )",
          "JetBrains.Annotations": "(, )",
          "Serilog": "(, )"
        }
      },
      "idasen.bluetoothle.characteristics": {
        "type": "Project",
        "dependencies": {
          "Autofac.Extras.DynamicProxy": "(, )",
          "CsvHelper": "(, )",
          "Idasen.Aop": "[1.0.0, )",
          "Idasen.BluetoothLE.Core": "[1.0.0, )"
        }
      },
      "idasen.bluetoothle.core": {
        "type": "Project",
        "dependencies": {
          "Idasen.Aop": "[1.0.0, )"
        }
      },
      "idasen.bluetoothle.linak": {
        "type": "Project",
        "dependencies": {
          "Autofac": "(, )",
          "Idasen.Aop": "[1.0.0, )",
          "Idasen.BluetoothLE.Characteristics": "[1.0.0, )",
          "Idasen.BluetoothLE.Core": "[1.0.0, )",
          "Serilog": "(, )",
          "System.Reactive": "(, )"
        }
      }
    }
  }
}